
Microsoft Visual Studio Solution File, Format Version 12.00
# Visual Studio Version 17
VisualStudioVersion = 17.8.34316.72
MinimumVisualStudioVersion = 10.0.40219.1
Project("{8BC9CEB8-8B4A-11D0-8D11-00A0C91BC942}") = "串的实现", "串的实现\串的实现.vcxproj", "{955B8B36-BB05-4192-91E0-6606A801F2AF}"
EndProject
Global
	GlobalSection(SolutionConfigurationPlatforms) = preSolution
		Debug|x64 = Debug|x64
		Debug|x86 = Debug|x86
		Release|x64 = Release|x64
		Release|x86 = Release|x86
	EndGlobalSection
	GlobalSection(ProjectConfigurationPlatforms) = postSolution
		{955B8B36-BB05-4192-91E0-6606A801F2AF}.Debug|x64.ActiveCfg = Debug|x64
		{955B8B36-BB05-4192-91E0-6606A801F2AF}.Debug|x64.Build.0 = Debug|x64
		{955B8B36-BB05-4192-91E0-6606A801F2AF}.Debug|x86.ActiveCfg = Debug|Win32
		{955B8B36-BB05-4192-91E0-6606A801F2AF}.Debug|x86.Build.0 = Debug|Win32
		{955B8B36-BB05-4192-91E0-6606A801F2AF}.Release|x64.ActiveCfg = Release|x64
		{955B8B36-BB05-4192-91E0-6606A801F2AF}.Release|x64.Build.0 = Release|x64
		{955B8B36-BB05-4192-91E0-6606A801F2AF}.Release|x86.ActiveCfg = Release|Win32
		{955B8B36-BB05-4192-91E0-6606A801F2AF}.Release|x86.Build.0 = Release|Win32
	EndGlobalSection
	GlobalSection(SolutionProperties) = preSolution
		HideSolutionNode = FALSE
	EndGlobalSection
	GlobalSection(ExtensibilityGlobals) = postSolution
		SolutionGuid = {B4F66C92-600C-449E-B7B9-757A271206FD}
	EndGlobalSection
EndGlobal
